
Microsoft Visual Studio Solution File, Format Version 12.00
# Visual Studio Version 16
VisualStudioVersion = 16.0.31727.386
MinimumVisualStudioVersion = 10.0.40219.1
Project("{FAE04EC0-301F-11D3-BF4B-00C04F79EFBC}") = "Animation", "Animation\Animation.csproj", "{572CBE2F-E65C-47ED-A57C-2FA8EEB2E640}"
EndProject
Global
	GlobalSection(SolutionConfigurationPlatforms) = preSolution
		Debug|Any CPU = Debug|Any CPU
		Release|Any CPU = Release|Any CPU
	EndGlobalSection
	GlobalSection(ProjectConfigurationPlatforms) = postSolution
		{572CBE2F-E65C-47ED-A57C-2FA8EEB2E640}.Debug|Any CPU.ActiveCfg = Debug|Any CPU
		{572CBE2F-E65C-47ED-A57C-2FA8EEB2E640}.Debug|Any CPU.Build.0 = Debug|Any CPU
		{572CBE2F-E65C-47ED-A57C-2FA8EEB2E640}.Release|Any CPU.ActiveCfg = Release|Any CPU
		{572CBE2F-E65C-47ED-A57C-2FA8EEB2E640}.Release|Any CPU.Build.0 = Release|Any CPU
	EndGlobalSection
	GlobalSection(SolutionProperties) = preSolution
		HideSolutionNode = FALSE
	EndGlobalSection
	GlobalSection(ExtensibilityGlobals) = postSolution
		SolutionGuid = {3305C0AE-AC89-4AE4-9C71-CE2AD7231921}
	EndGlobalSection
EndGlobal
